
Microsoft Visual Studio Solution File, Format Version 12.00
# Visual Studio Version 17
VisualStudioVersion = 17.5.33424.131
MinimumVisualStudioVersion = 10.0.40219.1
Project("{FAE04EC0-301F-11D3-BF4B-00C04F79EFBC}") = "Infinity", "Infinity\Infinity.csproj", "{FB791DE5-99ED-48CD-AB79-83B37AF230C4}"
EndProject
Global
	GlobalSection(SolutionConfigurationPlatforms) = preSolution
		Debug|Any CPU = Debug|Any CPU
		Release|Any CPU = Release|Any CPU
	EndGlobalSection
	GlobalSection(ProjectConfigurationPlatforms) = postSolution
		{FB791DE5-99ED-48CD-AB79-83B37AF230C4}.Debug|Any CPU.ActiveCfg = Debug|Any CPU
		{FB791DE5-99ED-48CD-AB79-83B37AF230C4}.Debug|Any CPU.Build.0 = Debug|Any CPU
		{FB791DE5-99ED-48CD-AB79-83B37AF230C4}.Release|Any CPU.ActiveCfg = Release|Any CPU
		{FB791DE5-99ED-48CD-AB79-83B37AF230C4}.Release|Any CPU.Build.0 = Release|Any CPU
	EndGlobalSection
	GlobalSection(SolutionProperties) = preSolution
		HideSolutionNode = FALSE
	EndGlobalSection
	GlobalSection(ExtensibilityGlobals) = postSolution
		SolutionGuid = {4F781486-17CE-43D2-8CBD-D1BD60B0C9AD}
	EndGlobalSection
EndGlobal
